// !$*UTF8*$!
{
	archiveVersion = 1;
	classes = {
	};
	objectVersion = 46;
	objects = {

/* Begin PBXBuildFile section */
		BCD76CE41A115B48009E68E1 /* main.m in Sources */ = {isa = PBXBuildFile; fileRef = BCD76CE31A115B48009E68E1 /* main.m */; };
		BCD76CE71A115B48009E68E1 /* AppDelegate.m in Sources */ = {isa = PBXBuildFile; fileRef = BCD76CE61A115B48009E68E1 /* AppDelegate.m */; };
		BCD76CEA1A115B48009E68E1 /* ViewController.m in Sources */ = {isa = PBXBuildFile; fileRef = BCD76CE91A115B48009E68E1 /* ViewController.m */; };
		BCD76CED1A115B48009E68E1 /* Main.storyboard in Resources */ = {isa = PBXBuildFile; fileRef = BCD76CEB1A115B48009E68E1 /* Main.storyboard */; };
		BCD76CEF1A115B48009E68E1 /* Images.xcassets in Resources */ = {isa = PBXBuildFile; fileRef = BCD76CEE1A115B48009E68E1 /* Images.xcassets */; };
		BCD76CF21A115B48009E68E1 /* LaunchScreen.xib in Resources */ = {isa = PBXBuildFile; fileRef = BCD76CF01A115B48009E68E1 /* LaunchScreen.xib */; };
		BCD76CFE1A115B48009E68E1 /* Daily_CatchTests.m in Sources */ = {isa = PBXBuildFile; fileRef = BCD76CFD1A115B48009E68E1 /* Daily_CatchTests.m */; };
/* End PBXBuildFile section */

/* Begin PBXContainerItemProxy section */
		BCD76CF81A115B48009E68E1 /* PBXContainerItemProxy */ = {
			isa = PBXContainerItemProxy;
			containerPortal = BCD76CD61A115B48009E68E1 /* Project object */;
			proxyType = 1;
			remoteGlobalIDString = BCD76CDD1A115B48009E68E1;
			remoteInfo = "Daily Catch";
		};
/* End PBXContainerItemProxy section */

/* Begin PBXFileReference section */
		BCD76CDE1A115B48009E68E1 /* Daily Catch.app */ = {isa = PBXFileReference; explicitFileType = wrapper.application; includeInIndex = 0; path = "Daily Catch.app"; sourceTree = BUILT_PRODUCTS_DIR; };
		BCD76CE21A115B48009E68E1 /* Info.plist */ = {isa = PBXFileReference; lastKnownFileType = text.plist.xml; path = Info.plist; sourceTree = "<group>"; };
		BCD76CE31A115B48009E68E1 /* main.m */ = {isa = PBXFileReference; lastKnownFileType = sourcecode.c.objc; path = main.m; sourceTree = "<group>"; };
		BCD76CE51A115B48009E68E1 /* AppDelegate.h */ = {isa = PBXFileReference; lastKnownFileType = sourcecode.c.h; path = AppDelegate.h; sourceTree = "<group>"; };
		BCD76CE61A115B48009E68E1 /* AppDelegate.m */ = {isa = PBXFileReference; lastKnownFileType = sourcecode.c.objc; path = AppDelegate.m; sourceTree = "<group>"; };
		BCD76CE81A115B48009E68E1 /* ViewController.h */ = {isa = PBXFileReference; lastKnownFileType = sourcecode.c.h; path = ViewController.h; sourceTree = "<group>"; };
		BCD76CE91A115B48009E68E1 /* ViewController.m */ = {isa = PBXFileReference; lastKnownFileType = sourcecode.c.objc; path = ViewController.m; sourceTree = "<group>"; };
		BCD76CEC1A115B48009E68E1 /* Base */ = {isa = PBXFileReference; lastKnownFileType = file.storyboard; name = Base; path = Base.lproj/Main.storyboard; sourceTree = "<group>"; };
		BCD76CEE1A115B48009E68E1 /* Images.xcassets */ = {isa = PBXFileReference; lastKnownFileType = folder.assetcatalog; path = Images.xcassets; sourceTree = "<group>"; };
		BCD76CF11A115B48009E68E1 /* Base */ = {isa = PBXFileReference; lastKnownFileType = file.xib; name = Base; path = Base.lproj/LaunchScreen.xib; sourceTree = "<group>"; };
		BCD76CF71A115B48009E68E1 /* Daily CatchTests.xctest */ = {isa = PBXFileReference; explicitFileType = wrapper.cfbundle; includeInIndex = 0; path = "Daily CatchTests.xctest"; sourceTree = BUILT_PRODUCTS_DIR; };
		BCD76CFC1A115B48009E68E1 /* Info.plist */ = {isa = PBXFileReference; lastKnownFileType = text.plist.xml; path = Info.plist; sourceTree = "<group>"; };
		BCD76CFD1A115B48009E68E1 /* Daily_CatchTests.m */ = {isa = PBXFileReference; lastKnownFileType = sourcecode.c.objc; path = Daily_CatchTests.m; sourceTree = "<group>"; };
/* End PBXFileReference section */

/* Begin PBXFrameworksBuildPhase section */
		BCD76CDB1A115B48009E68E1 /* Frameworks */ = {
			isa = PBXFrameworksBuildPhase;
			buildActionMask = 2147483647;
			files = (
			);
			runOnlyForDeploymentPostprocessing = 0;
		};
		BCD76CF41A115B48009E68E1 /* Frameworks */ = {
			isa = PBXFrameworksBuildPhase;
			buildActionMask = 2147483647;
			files = (
			);
			runOnlyForDeploymentPostprocessing = 0;
		};
/* End PBXFrameworksBuildPhase section */

/* Begin PBXGroup section */
		BCD76CD51A115B48009E68E1 = {
			isa = PBXGroup;
			children = (
				BCD76CE01A115B48009E68E1 /* Daily Catch */,
				BCD76CFA1A115B48009E68E1 /* Daily CatchTests */,
				BCD76CDF1A115B48009E68E1 /* Products */,
			);
			sourceTree = "<group>";
		};
		BCD76CDF1A115B48009E68E1 /* Products */ = {
			isa = PBXGroup;
			children = (
				BCD76CDE1A115B48009E68E1 /* Daily Catch.app */,
				BCD76CF71A115B48009E68E1 /* Daily CatchTests.xctest */,
			);
			name = Products;
			sourceTree = "<group>";
		};
		BCD76CE01A115B48009E68E1 /* Daily Catch */ = {
			isa = PBXGroup;
			children = (
				BCD76CE51A115B48009E68E1 /* AppDelegate.h */,
				BCD76CE61A115B48009E68E1 /* AppDelegate.m */,
				BCD76CE81A115B48009E68E1 /* ViewController.h */,
				BCD76CE91A115B48009E68E1 /* ViewController.m */,
				BCD76CEB1A115B48009E68E1 /* Main.storyboard */,
				BCD76CEE1A115B48009E68E1 /* Images.xcassets */,
				BCD76CF01A115B48009E68E1 /* LaunchScreen.xib */,
				BCD76CE11A115B48009E68E1 /* Supporting Files */,
			);
			path = "Daily Catch";
			sourceTree = "<group>";
		};
		BCD76CE11A115B48009E68E1 /* Supporting Files */ = {
			isa = PBXGroup;
			children = (
				BCD76CE21A115B48009E68E1 /* Info.plist */,
				BCD76CE31A115B48009E68E1 /* main.m */,
			);
			name = "Supporting Files";
			sourceTree = "<group>";
		};
		BCD76CFA1A115B48009E68E1 /* Daily CatchTests */ = {
			isa = PBXGroup;
			children = (
				BCD76CFD1A115B48009E68E1 /* Daily_CatchTests.m */,
				BCD76CFB1A115B48009E68E1 /* Supporting Files */,
			);
			path = "Daily CatchTests";
			sourceTree = "<group>";
		};
		BCD76CFB1A115B48009E68E1 /* Supporting Files */ = {
			isa = PBXGroup;
			children = (
				BCD76CFC1A115B48009E68E1 /* Info.plist */,
			);
			name = "Supporting Files";
			sourceTree = "<group>";
		};
/* End PBXGroup section */

/* Begin PBXNativeTarget section */
		BCD76CDD1A115B48009E68E1 /* Daily Catch */ = {
			isa = PBXNativeTarget;
			buildConfigurationList = BCD76D011A115B48009E68E1 /* Build configuration list for PBXNativeTarget "Daily Catch" */;
			buildPhases = (
				BCD76CDA1A115B48009E68E1 /* Sources */,
				BCD76CDB1A115B48009E68E1 /* Frameworks */,
				BCD76CDC1A115B48009E68E1 /* Resources */,
			);
			buildRules = (
			);
			dependencies = (
			);
			name = "Daily Catch";
			productName = "Daily Catch";
			productReference = BCD76CDE1A115B48009E68E1 /* Daily Catch.app */;
			productType = "com.apple.product-type.application";
		};
		BCD76CF61A115B48009E68E1 /* Daily CatchTests */ = {
			isa = PBXNativeTarget;
			buildConfigurationList = BCD76D041A115B48009E68E1 /* Build configuration list for PBXNativeTarget "Daily CatchTests" */;
			buildPhases = (
				BCD76CF31A115B48009E68E1 /* Sources */,
				BCD76CF41A115B48009E68E1 /* Frameworks */,
				BCD76CF51A115B48009E68E1 /* Resources */,
			);
			buildRules = (
			);
			dependencies = (
				BCD76CF91A115B48009E68E1 /* PBXTargetDependency */,
			);
			name = "Daily CatchTests";
			productName = "Daily CatchTests";
			productReference = BCD76CF71A115B48009E68E1 /* Daily CatchTests.xctest */;
			productType = "com.apple.product-type.bundle.unit-test";
		};
/* End PBXNativeTarget section */

/* Begin PBXProject section */
		BCD76CD61A115B48009E68E1 /* Project object */ = {
			isa = PBXProject;
			attributes = {
				LastUpgradeCheck = 0610;
				ORGANIZATIONNAME = "Edward Lando";
				TargetAttributes = {
					BCD76CDD1A115B48009E68E1 = {
						CreatedOnToolsVersion = 6.1;
					};
					BCD76CF61A115B48009E68E1 = {
						CreatedOnToolsVersion = 6.1;
						TestTargetID = BCD76CDD1A115B48009E68E1;
					};
				};
			};
			buildConfigurationList = BCD76CD91A115B48009E68E1 /* Build configuration list for PBXProject "Daily Catch" */;
			compatibilityVersion = "Xcode 3.2";
			developmentRegion = English;
			hasScannedForEncodings = 0;
			knownRegions = (
				en,
				Base,
			);
			mainGroup = BCD76CD51A115B48009E68E1;
			productRefGroup = BCD76CDF1A115B48009E68E1 /* Products */;
			projectDirPath = "";
			projectRoot = "";
			targets = (
				BCD76CDD1A115B48009E68E1 /* Daily Catch */,
				BCD76CF61A115B48009E68E1 /* Daily CatchTests */,
			);
		};
/* End PBXProject section */

/* Begin PBXResourcesBuildPhase section */
		BCD76CDC1A115B48009E68E1 /* Resources */ = {
			isa = PBXResourcesBuildPhase;
			buildActionMask = 2147483647;
			files = (
				BCD76CED1A115B48009E68E1 /* Main.storyboard in Resources */,
				BCD76CF21A115B48009E68E1 /* LaunchScreen.xib in Resources */,
				BCD76CEF1A115B48009E68E1 /* Images.xcassets in Resources */,
			);
			runOnlyForDeploymentPostprocessing = 0;
		};
		BCD76CF51A115B48009E68E1 /* Resources */ = {
			isa = PBXResourcesBuildPhase;
			buildActionMask = 2147483647;
			files = (
			);
			runOnlyForDeploymentPostprocessing = 0;
		};
/* End PBXResourcesBuildPhase section */

/* Begin PBXSourcesBuildPhase section */
		BCD76CDA1A115B48009E68E1 /* Sources */ = {
			isa = PBXSourcesBuildPhase;
			buildActionMask = 2147483647;
			files = (
				BCD76CEA1A115B48009E68E1 /* ViewController.m in Sources */,
				BCD76CE71A115B48009E68E1 /* AppDelegate.m in Sources */,
				BCD76CE41A115B48009E68E1 /* main.m in Sources */,
			);
			runOnlyForDeploymentPostprocessing = 0;
		};
		BCD76CF31A115B48009E68E1 /* Sources */ = {
			isa = PBXSourcesBuildPhase;
			buildActionMask = 2147483647;
			files = (
				BCD76CFE1A115B48009E68E1 /* Daily_CatchTests.m in Sources */,
			);
			runOnlyForDeploymentPostprocessing = 0;
		};
/* End PBXSourcesBuildPhase section */

/* Begin PBXTargetDependency section */
		BCD76CF91A115B48009E68E1 /* PBXTargetDependency */ = {
			isa = PBXTargetDependency;
			target = BCD76CDD1A115B48009E68E1 /* Daily Catch */;
			targetProxy = BCD76CF81A115B48009E68E1 /* PBXContainerItemProxy */;
		};
/* End PBXTargetDependency section */

/* Begin PBXVariantGroup section */
		BCD76CEB1A115B48009E68E1 /* Main.storyboard */ = {
			isa = PBXVariantGroup;
			children = (
				BCD76CEC1A115B48009E68E1 /* Base */,
			);
			name = Main.storyboard;
			sourceTree = "<group>";
		};
		BCD76CF01A115B48009E68E1 /* LaunchScreen.xib */ = {
			isa = PBXVariantGroup;
			children = (
				BCD76CF11A115B48009E68E1 /* Base */,
			);
			name = LaunchScreen.xib;
			sourceTree = "<group>";
		};
/* End PBXVariantGroup section */

/* Begin XCBuildConfiguration section */
		BCD76CFF1A115B48009E68E1 /* Debug */ = {
			isa = XCBuildConfiguration;
			buildSettings = {
				ALWAYS_SEARCH_USER_PATHS = NO;
				CLANG_CXX_LANGUAGE_STANDARD = "gnu++0x";
				CLANG_CXX_LIBRARY = "libc++";
				CLANG_ENABLE_MODULES = YES;
				CLANG_ENABLE_OBJC_ARC = YES;
				CLANG_WARN_BOOL_CONVERSION = YES;
				CLANG_WARN_CONSTANT_CONVERSION = YES;
				CLANG_WARN_DIRECT_OBJC_ISA_USAGE = YES_ERROR;
				CLANG_WARN_EMPTY_BODY = YES;
				CLANG_WARN_ENUM_CONVERSION = YES;
				CLANG_WARN_INT_CONVERSION = YES;
				CLANG_WARN_OBJC_ROOT_CLASS = YES_ERROR;
				CLANG_WARN_UNREACHABLE_CODE = YES;
				CLANG_WARN__DUPLICATE_METHOD_MATCH = YES;
				"CODE_SIGN_IDENTITY[sdk=iphoneos*]" = "iPhone Developer";
				COPY_PHASE_STRIP = NO;
				ENABLE_STRICT_OBJC_MSGSEND = YES;
				GCC_C_LANGUAGE_STANDARD = gnu99;
				GCC_DYNAMIC_NO_PIC = NO;
				GCC_OPTIMIZATION_LEVEL = 0;
				GCC_PREPROCESSOR_DEFINITIONS = (
					"DEBUG=1",
					"$(inherited)",
				);
				GCC_SYMBOLS_PRIVATE_EXTERN = NO;
				GCC_WARN_64_TO_32_BIT_CONVERSION = YES;
				GCC_WARN_ABOUT_RETURN_TYPE = YES_ERROR;
				GCC_WARN_UNDECLARED_SELECTOR = YES;
				GCC_WARN_UNINITIALIZED_AUTOS = YES_AGGRESSIVE;
				GCC_WARN_UNUSED_FUNCTION = YES;
				GCC_WARN_UNUSED_VARIABLE = YES;
				IPHONEOS_DEPLOYMENT_TARGET = 8.1;
				MTL_ENABLE_DEBUG_INFO = YES;
				ONLY_ACTIVE_ARCH = YES;
				SDKROOT = iphoneos;
				TARGETED_DEVICE_FAMILY = "1,2";
			};
			name = Debug;
		};
		BCD76D001A115B48009E68E1 /* Release */ = {
			isa = XCBuildConfiguration;
			buildSettings = {
				ALWAYS_SEARCH_USER_PATHS = NO;
				CLANG_CXX_LANGUAGE_STANDARD = "gnu++0x";
				CLANG_CXX_LIBRARY = "libc++";
				CLANG_ENABLE_MODULES = YES;
				CLANG_ENABLE_OBJC_ARC = YES;
				CLANG_WARN_BOOL_CONVERSION = YES;
				CLANG_WARN_CONSTANT_CONVERSION = YES;
				CLANG_WARN_DIRECT_OBJC_ISA_USAGE = YES_ERROR;
				CLANG_WARN_EMPTY_BODY = YES;
				CLANG_WARN_ENUM_CONVERSION = YES;
				CLANG_WARN_INT_CONVERSION = YES;
				CLANG_WARN_OBJC_ROOT_CLASS = YES_ERROR;
				CLANG_WARN_UNREACHABLE_CODE = YES;
				CLANG_WARN__DUPLICATE_METHOD_MATCH = YES;
				"CODE_SIGN_IDENTITY[sdk=iphoneos*]" = "iPhone Developer";
				COPY_PHASE_STRIP = YES;
				ENABLE_NS_ASSERTIONS = NO;
				ENABLE_STRICT_OBJC_MSGSEND = YES;
				GCC_C_LANGUAGE_STANDARD = gnu99;
				GCC_WARN_64_TO_32_BIT_CONVERSION = YES;
				GCC_WARN_ABOUT_RETURN_TYPE = YES_ERROR;
				GCC_WARN_UNDECLARED_SELECTOR = YES;
				GCC_WARN_UNINITIALIZED_AUTOS = YES_AGGRESSIVE;
				GCC_WARN_UNUSED_FUNCTION = YES;
				GCC_WARN_UNUSED_VARIABLE = YES;
				IPHONEOS_DEPLOYMENT_TARGET = 8.1;
				MTL_ENABLE_DEBUG_INFO = NO;
				SDKROOT = iphoneos;
				TARGETED_DEVICE_FAMILY = "1,2";
				VALIDATE_PRODUCT = YES;
			};
			name = Release;
		};
		BCD76D021A115B48009E68E1 /* Debug */ = {
			isa = XCBuildConfiguration;
			buildSettings = {
				ASSETCATALOG_COMPILER_APPICON_NAME = AppIcon;
				INFOPLIST_FILE = "Daily Catch/Info.plist";
				LD_RUNPATH_SEARCH_PATHS = "$(inherited) @executable_path/Frameworks";
				PRODUCT_NAME = "$(TARGET_NAME)";
			};
			name = Debug;
		};
		BCD76D031A115B48009E68E1 /* Release */ = {
			isa = XCBuildConfiguration;
			buildSettings = {
				ASSETCATALOG_COMPILER_APPICON_NAME = AppIcon;
				INFOPLIST_FILE = "Daily Catch/Info.plist";
				LD_RUNPATH_SEARCH_PATHS = "$(inherited) @executable_path/Frameworks";
				PRODUCT_NAME = "$(TARGET_NAME)";
			};
			name = Release;
		};
		BCD76D051A115B48009E68E1 /* Debug */ = {
			isa = XCBuildConfiguration;
			buildSettings = {
				BUNDLE_LOADER = "$(TEST_HOST)";
				FRAMEWORK_SEARCH_PATHS = (
					"$(SDKROOT)/Developer/Library/Frameworks",
					"$(inherited)",
				);
				GCC_PREPROCESSOR_DEFINITIONS = (
					"DEBUG=1",
					"$(inherited)",
				);
				INFOPLIST_FILE = "Daily CatchTests/Info.plist";
				LD_RUNPATH_SEARCH_PATHS = "$(inherited) @executable_path/Frameworks @loader_path/Frameworks";
				PRODUCT_NAME = "$(TARGET_NAME)";
				TEST_HOST = "$(BUILT_PRODUCTS_DIR)/Daily Catch.app/Daily Catch";
			};
			name = Debug;
		};
		BCD76D061A115B48009E68E1 /* Release */ = {
			isa = XCBuildConfiguration;
			buildSettings = {
				BUNDLE_LOADER = "$(TEST_HOST)";
				FRAMEWORK_SEARCH_PATHS = (
					"$(SDKROOT)/Developer/Library/Frameworks",
					"$(inherited)",
				);
				INFOPLIST_FILE = "Daily CatchTests/Info.plist";
				LD_RUNPATH_SEARCH_PATHS = "$(inherited) @executable_path/Frameworks @loader_path/Frameworks";
				PRODUCT_NAME = "$(TARGET_NAME)";
				TEST_HOST = "$(BUILT_PRODUCTS_DIR)/Daily Catch.app/Daily Catch";
			};
			name = Release;
		};
/* End XCBuildConfiguration section */

/* Begin XCConfigurationList section */
		BCD76CD91A115B48009E68E1 /* Build configuration list for PBXProject "Daily Catch" */ = {
			isa = XCConfigurationList;
			buildConfigurations = (
				BCD76CFF1A115B48009E68E1 /* Debug */,
				BCD76D001A115B48009E68E1 /* Release */,
			);
			defaultConfigurationIsVisible = 0;
			defaultConfigurationName = Release;
		};
		BCD76D011A115B48009E68E1 /* Build configuration list for PBXNativeTarget "Daily Catch" */ = {
			isa = XCConfigurationList;
			buildConfigurations = (
				BCD76D021A115B48009E68E1 /* Debug */,
				BCD76D031A115B48009E68E1 /* Release */,
			);
			defaultConfigurationIsVisible = 0;
		};
		BCD76D041A115B48009E68E1 /* Build configuration list for PBXNativeTarget "Daily CatchTests" */ = {
			isa = XCConfigurationList;
			buildConfigurations = (
				BCD76D051A115B48009E68E1 /* Debug */,
				BCD76D061A115B48009E68E1 /* Release */,
			);
			defaultConfigurationIsVisible = 0;
		};
/* End XCConfigurationList section */
	};
	rootObject = BCD76CD61A115B48009E68E1 /* Project object */;
}
